
Microsoft Visual Studio Solution File, Format Version 12.00
# Visual Studio Version 17
VisualStudioVersion = 17.7.34003.232
MinimumVisualStudioVersion = 10.0.40219.1
Project("{9A19103F-16F7-4668-BE54-9A1E7A4F7556}") = "Janus.DAL", "Janus.DAL\Janus.DAL.csproj", "{ED36DA41-8A6F-4DD1-8E43-538345D074B9}"
EndProject
Project("{9A19103F-16F7-4668-BE54-9A1E7A4F7556}") = "Janus.Domain", "Janus.Domain\Janus.Domain.csproj", "{CF72C038-5DFC-41ED-87E3-B7E04EC2D740}"
EndProject
Project("{9A19103F-16F7-4668-BE54-9A1E7A4F7556}") = "Janus.ScreenApp", "Janus.ScreenApp\Janus.ScreenApp.csproj", "{88135C8B-E963-470E-BFAA-93BA4D46EE0D}"
EndProject
Project("{FAE04EC0-301F-11D3-BF4B-00C04F79EFBC}") = "JanusWeb", "JanusWeb\JanusWeb.csproj", "{6C518F22-BFC9-4BFC-9C98-876118DF81C5}"
EndProject
Global
	GlobalSection(SolutionConfigurationPlatforms) = preSolution
		Debug|Any CPU = Debug|Any CPU
		Release|Any CPU = Release|Any CPU
	EndGlobalSection
	GlobalSection(ProjectConfigurationPlatforms) = postSolution
		{ED36DA41-8A6F-4DD1-8E43-538345D074B9}.Debug|Any CPU.ActiveCfg = Debug|Any CPU
		{ED36DA41-8A6F-4DD1-8E43-538345D074B9}.Debug|Any CPU.Build.0 = Debug|Any CPU
		{ED36DA41-8A6F-4DD1-8E43-538345D074B9}.Release|Any CPU.ActiveCfg = Release|Any CPU
		{ED36DA41-8A6F-4DD1-8E43-538345D074B9}.Release|Any CPU.Build.0 = Release|Any CPU
		{CF72C038-5DFC-41ED-87E3-B7E04EC2D740}.Debug|Any CPU.ActiveCfg = Debug|Any CPU
		{CF72C038-5DFC-41ED-87E3-B7E04EC2D740}.Debug|Any CPU.Build.0 = Debug|Any CPU
		{CF72C038-5DFC-41ED-87E3-B7E04EC2D740}.Release|Any CPU.ActiveCfg = Release|Any CPU
		{CF72C038-5DFC-41ED-87E3-B7E04EC2D740}.Release|Any CPU.Build.0 = Release|Any CPU
		{88135C8B-E963-470E-BFAA-93BA4D46EE0D}.Debug|Any CPU.ActiveCfg = Debug|Any CPU
		{88135C8B-E963-470E-BFAA-93BA4D46EE0D}.Debug|Any CPU.Build.0 = Debug|Any CPU
		{88135C8B-E963-470E-BFAA-93BA4D46EE0D}.Release|Any CPU.ActiveCfg = Release|Any CPU
		{88135C8B-E963-470E-BFAA-93BA4D46EE0D}.Release|Any CPU.Build.0 = Release|Any CPU
		{6C518F22-BFC9-4BFC-9C98-876118DF81C5}.Debug|Any CPU.ActiveCfg = Debug|Any CPU
		{6C518F22-BFC9-4BFC-9C98-876118DF81C5}.Debug|Any CPU.Build.0 = Debug|Any CPU
		{6C518F22-BFC9-4BFC-9C98-876118DF81C5}.Release|Any CPU.ActiveCfg = Release|Any CPU
		{6C518F22-BFC9-4BFC-9C98-876118DF81C5}.Release|Any CPU.Build.0 = Release|Any CPU
	EndGlobalSection
	GlobalSection(SolutionProperties) = preSolution
		HideSolutionNode = FALSE
	EndGlobalSection
	GlobalSection(ExtensibilityGlobals) = postSolution
		SolutionGuid = {CD7EE053-E9E0-48AA-8F6F-76963E306F59}
	EndGlobalSection
EndGlobal
